
Microsoft Visual Studio Solution File, Format Version 12.00
# Visual Studio Version 16
VisualStudioVersion = 16.0.31129.286
MinimumVisualStudioVersion = 10.0.40219.1
Project("{FAE04EC0-301F-11D3-BF4B-00C04F79EFBC}") = "Calculator", "Calculator\Calculator.csproj", "{64BD7040-5479-4A00-BBBB-7D3DB2AA2AEA}"
EndProject
Global
	GlobalSection(SolutionConfigurationPlatforms) = preSolution
		Debug|Any CPU = Debug|Any CPU
		Release|Any CPU = Release|Any CPU
	EndGlobalSection
	GlobalSection(ProjectConfigurationPlatforms) = postSolution
		{64BD7040-5479-4A00-BBBB-7D3DB2AA2AEA}.Debug|Any CPU.ActiveCfg = Debug|Any CPU
		{64BD7040-5479-4A00-BBBB-7D3DB2AA2AEA}.Debug|Any CPU.Build.0 = Debug|Any CPU
		{64BD7040-5479-4A00-BBBB-7D3DB2AA2AEA}.Release|Any CPU.ActiveCfg = Release|Any CPU
		{64BD7040-5479-4A00-BBBB-7D3DB2AA2AEA}.Release|Any CPU.Build.0 = Release|Any CPU
	EndGlobalSection
	GlobalSection(SolutionProperties) = preSolution
		HideSolutionNode = FALSE
	EndGlobalSection
	GlobalSection(ExtensibilityGlobals) = postSolution
		SolutionGuid = {F6B4A135-AF21-4D9A-A93C-762D3CC0EDE0}
	EndGlobalSection
EndGlobal
